
Microsoft Visual Studio Solution File, Format Version 12.00
# Visual Studio 15
VisualStudioVersion = 15.0.33403.129
MinimumVisualStudioVersion = 10.0.40219.1
Project("{FAE04EC0-301F-11D3-BF4B-00C04F79EFBC}") = "ReporteMontosDevengar", "ReporteMontosDevengar\ReporteMontosDevengar.csproj", "{FB71F17E-8FA4-4C79-A087-D9FE27A68BEE}"
EndProject
Global
	GlobalSection(SolutionConfigurationPlatforms) = preSolution
		Debug|Any CPU = Debug|Any CPU
		Release|Any CPU = Release|Any CPU
	EndGlobalSection
	GlobalSection(ProjectConfigurationPlatforms) = postSolution
		{FB71F17E-8FA4-4C79-A087-D9FE27A68BEE}.Debug|Any CPU.ActiveCfg = Debug|Any CPU
		{FB71F17E-8FA4-4C79-A087-D9FE27A68BEE}.Debug|Any CPU.Build.0 = Debug|Any CPU
		{FB71F17E-8FA4-4C79-A087-D9FE27A68BEE}.Release|Any CPU.ActiveCfg = Release|Any CPU
		{FB71F17E-8FA4-4C79-A087-D9FE27A68BEE}.Release|Any CPU.Build.0 = Release|Any CPU
	EndGlobalSection
	GlobalSection(SolutionProperties) = preSolution
		HideSolutionNode = FALSE
	EndGlobalSection
	GlobalSection(ExtensibilityGlobals) = postSolution
		SolutionGuid = {1214D7C1-445D-4101-9160-AA7537C3927F}
	EndGlobalSection
EndGlobal
